
Microsoft Visual Studio Solution File, Format Version 12.00
# Visual Studio Version 17
VisualStudioVersion = 17.8.34330.188
MinimumVisualStudioVersion = 10.0.40219.1
Project("{FAE04EC0-301F-11D3-BF4B-00C04F79EFBC}") = "BlockChainScraper", "BlockChainScraper.csproj", "{37985C9B-93A1-4D10-8EEB-4718AD73E93E}"
EndProject
Project("{FAE04EC0-301F-11D3-BF4B-00C04F79EFBC}") = "BlockChainScraper.Chain", "..\BlockChainScraper.Chain\BlockChainScraper.Chain.csproj", "{EB9668F6-1759-45CA-B7A6-D14B659DEA88}"
EndProject
Project("{FAE04EC0-301F-11D3-BF4B-00C04F79EFBC}") = "BlockChainScraper.Repository", "..\BlockChainScraper.Repository\BlockChainScraper.Repository.csproj", "{81A261F4-D2CF-4559-8349-B37F61C497EF}"
EndProject
Global
	GlobalSection(SolutionConfigurationPlatforms) = preSolution
		Debug|Any CPU = Debug|Any CPU
		Release|Any CPU = Release|Any CPU
	EndGlobalSection
	GlobalSection(ProjectConfigurationPlatforms) = postSolution
		{37985C9B-93A1-4D10-8EEB-4718AD73E93E}.Debug|Any CPU.ActiveCfg = Debug|Any CPU
		{37985C9B-93A1-4D10-8EEB-4718AD73E93E}.Debug|Any CPU.Build.0 = Debug|Any CPU
		{37985C9B-93A1-4D10-8EEB-4718AD73E93E}.Release|Any CPU.ActiveCfg = Release|Any CPU
		{37985C9B-93A1-4D10-8EEB-4718AD73E93E}.Release|Any CPU.Build.0 = Release|Any CPU
		{EB9668F6-1759-45CA-B7A6-D14B659DEA88}.Debug|Any CPU.ActiveCfg = Debug|Any CPU
		{EB9668F6-1759-45CA-B7A6-D14B659DEA88}.Debug|Any CPU.Build.0 = Debug|Any CPU
		{EB9668F6-1759-45CA-B7A6-D14B659DEA88}.Release|Any CPU.ActiveCfg = Release|Any CPU
		{EB9668F6-1759-45CA-B7A6-D14B659DEA88}.Release|Any CPU.Build.0 = Release|Any CPU
		{81A261F4-D2CF-4559-8349-B37F61C497EF}.Debug|Any CPU.ActiveCfg = Debug|Any CPU
		{81A261F4-D2CF-4559-8349-B37F61C497EF}.Debug|Any CPU.Build.0 = Debug|Any CPU
		{81A261F4-D2CF-4559-8349-B37F61C497EF}.Release|Any CPU.ActiveCfg = Release|Any CPU
		{81A261F4-D2CF-4559-8349-B37F61C497EF}.Release|Any CPU.Build.0 = Release|Any CPU
	EndGlobalSection
	GlobalSection(SolutionProperties) = preSolution
		HideSolutionNode = FALSE
	EndGlobalSection
	GlobalSection(ExtensibilityGlobals) = postSolution
		SolutionGuid = {6382BEE3-48ED-4186-A871-3F141D3A8E51}
	EndGlobalSection
EndGlobal
